{
  "version": 4,
  "terraform_version": "0.12.26",
  "serial": 94,
  "lineage": "4d324f47-a89d-f624-89f5-c2dc3453da26",
  "outputs": {
    "db_external_ip": {
      "value": "35.190.221.116",
      "type": "string"
    }
  },
  "resources": [
    {
      "mode": "managed",
      "type": "google_compute_firewall",
      "name": "allow_port_2222",
      "provider": "provider.google",
      "instances": [
        {
          "schema_version": 1,
          "attributes": {
            "allow": [
              {
                "ports": [
                  "2222"
                ],
                "protocol": "tcp"
              }
            ],
            "creation_timestamp": "2020-06-25T11:22:51.509-07:00",
            "deny": [],
            "description": "",
            "destination_ranges": [],
            "direction": "INGRESS",
            "disabled": false,
            "id": "allow-port-2222",
            "name": "allow-port-2222",
            "network": "https://www.googleapis.com/compute/v1/projects/docker-280917/global/networks/default",
            "priority": 1000,
            "project": "docker-280917",
            "self_link": "https://www.googleapis.com/compute/v1/projects/docker-280917/global/firewalls/allow-port-2222",
            "source_ranges": [
              "0.0.0.0/0"
            ],
            "source_service_accounts": null,
            "source_tags": null,
            "target_service_accounts": null,
            "target_tags": [
              "allow-2222"
            ],
            "timeouts": null
          },
          "private": "eyJlMmJmYjczMC1lY2FhLTExZTYtOGY4OC0zNDM2M2JjN2M0YzAiOnsiY3JlYXRlIjoyNDAwMDAwMDAwMDAsImRlbGV0ZSI6MjQwMDAwMDAwMDAwLCJ1cGRhdGUiOjI0MDAwMDAwMDAwMH0sInNjaGVtYV92ZXJzaW9uIjoiMSJ9"
        }
      ]
    },
    {
      "mode": "managed",
      "type": "google_compute_firewall",
      "name": "allow_port_80_and_443",
      "provider": "provider.google",
      "instances": [
        {
          "schema_version": 1,
          "attributes": {
            "allow": [
              {
                "ports": [
                  "80",
                  "443"
                ],
                "protocol": "tcp"
              }
            ],
            "creation_timestamp": "2020-06-25T11:22:51.636-07:00",
            "deny": [],
            "description": "",
            "destination_ranges": [],
            "direction": "INGRESS",
            "disabled": false,
            "id": "allow-port-80-443",
            "name": "allow-port-80-443",
            "network": "https://www.googleapis.com/compute/v1/projects/docker-280917/global/networks/default",
            "priority": 1000,
            "project": "docker-280917",
            "self_link": "https://www.googleapis.com/compute/v1/projects/docker-280917/global/firewalls/allow-port-80-443",
            "source_ranges": [
              "0.0.0.0/0"
            ],
            "source_service_accounts": null,
            "source_tags": null,
            "target_service_accounts": null,
            "target_tags": [
              "allow-80-443"
            ],
            "timeouts": null
          },
          "private": "eyJlMmJmYjczMC1lY2FhLTExZTYtOGY4OC0zNDM2M2JjN2M0YzAiOnsiY3JlYXRlIjoyNDAwMDAwMDAwMDAsImRlbGV0ZSI6MjQwMDAwMDAwMDAwLCJ1cGRhdGUiOjI0MDAwMDAwMDAwMH0sInNjaGVtYV92ZXJzaW9uIjoiMSJ9"
        }
      ]
    },
    {
      "mode": "managed",
      "type": "google_compute_instance",
      "name": "gitlab_machine",
      "provider": "provider.google",
      "instances": [
        {
          "schema_version": 6,
          "attributes": {
            "allow_stopping_for_update": null,
            "attached_disk": [],
            "boot_disk": [
              {
                "auto_delete": true,
                "device_name": "persistent-disk-0",
                "disk_encryption_key_raw": "",
                "disk_encryption_key_sha256": "",
                "initialize_params": [
                  {
                    "image": "https://www.googleapis.com/compute/v1/projects/ubuntu-os-cloud/global/images/ubuntu-1604-xenial-v20200611",
                    "size": 10,
                    "type": "pd-standard"
                  }
                ],
                "source": "https://www.googleapis.com/compute/v1/projects/docker-280917/zones/europe-west1-b/disks/gitlab-machine"
              }
            ],
            "can_ip_forward": false,
            "cpu_platform": "Intel Haswell",
            "deletion_protection": false,
            "description": null,
            "disk": [],
            "guest_accelerator": [],
            "hostname": "",
            "id": "gitlab-machine",
            "instance_id": "7562525563082593682",
            "label_fingerprint": "42WmSpB8rSM=",
            "labels": null,
            "machine_type": "n1-standard-2",
            "metadata": {
              "ssh-keys": "argon:ssh-rsa AAAAB3NzaC1yc2EAAAADAQABAAABgQD5WyqZqE0O/9ZPD/4TzqjzVTxe+TFdpLnBFrIc0sqPc8G3w6Kp4fGsr3DZpz2OnyBvXN6qjzcpy1jIAkJPFXKdvgfvTIi9s4F/grfvUrg+3pRBZdsmpooIYTRBUMyR1Vqe8VXud8J/EM8qqHuOVIz/UV2apxgFid/NyKd/4fByceEVNcAalHNAn1fDcW090B2tw5E4aJPkVgWjgknUNYbaDoSWh979xfXRkLwQJSIPna4FYT2ZFeIfH1wcpFyBYo9HxyKlBjtbvMWGUFyjkeDn6uljhFfPAC7CKx4UeCmrGvjLdC4eQY/tFfBS0Tvm4HQc4XdCP1UFQ+vR8aJzZu0B9vzzpMoj39Kpt6bgfvEExGvHQZkk1RGwl30HecVjSgAJFtdVyjq4dDapDsUxgnSlx35heRdHm8C9hJglrFASfYGGsDLKxVngZ+3oHneXcuMfmtsUaRTuHSs77EbQPEUPMQ+oYzRdwEZckJRpdEwTeg/kiMptQEAxel0OBMYX1GE= argon@DESKTOP-C6K6TFL\n"
            },
            "metadata_fingerprint": "0gJVpv1u0_8=",
            "metadata_startup_script": "",
            "min_cpu_platform": "",
            "name": "gitlab-machine",
            "network_interface": [
              {
                "access_config": [
                  {
                    "assigned_nat_ip": "",
                    "nat_ip": "35.190.221.116",
                    "network_tier": "PREMIUM",
                    "public_ptr_domain_name": ""
                  }
                ],
                "address": "",
                "alias_ip_range": [],
                "name": "nic0",
                "network": "https://www.googleapis.com/compute/v1/projects/docker-280917/global/networks/default",
                "network_ip": "10.132.0.38",
                "subnetwork": "https://www.googleapis.com/compute/v1/projects/docker-280917/regions/europe-west1/subnetworks/default",
                "subnetwork_project": "docker-280917"
              }
            ],
            "project": "docker-280917",
            "scheduling": [
              {
                "automatic_restart": true,
                "on_host_maintenance": "MIGRATE",
                "preemptible": false
              }
            ],
            "scratch_disk": [],
            "self_link": "https://www.googleapis.com/compute/v1/projects/docker-280917/zones/europe-west1-b/instances/gitlab-machine",
            "service_account": [],
            "tags": [
              "allow-2222",
              "allow-80-443"
            ],
            "tags_fingerprint": "SJHiRi_yuP0=",
            "timeouts": null,
            "zone": "europe-west1-b"
          },
          "private": "eyJlMmJmYjczMC1lY2FhLTExZTYtOGY4OC0zNDM2M2JjN2M0YzAiOnsiY3JlYXRlIjozNjAwMDAwMDAwMDAsImRlbGV0ZSI6MzYwMDAwMDAwMDAwLCJ1cGRhdGUiOjM2MDAwMDAwMDAwMH0sInNjaGVtYV92ZXJzaW9uIjoiNiJ9"
        }
      ]
    }
  ]
}
