{
  "version": 4,
  "terraform_version": "0.12.26",
  "serial": 22,
  "lineage": "223ffdc6-5c4a-ee3f-46e1-a1a451547551",
  "outputs": {},
  "resources": [
    {
      "mode": "managed",
      "type": "google_compute_firewall",
      "name": "firewall_puma",
      "provider": "provider.google",
      "instances": [
        {
          "schema_version": 1,
          "attributes": {
            "allow": [
              {
                "ports": [
                  "9292"
                ],
                "protocol": "tcp"
              }
            ],
            "creation_timestamp": "2020-06-21T06:22:45.399-07:00",
            "deny": [],
            "description": "",
            "destination_ranges": [],
            "direction": "INGRESS",
            "disabled": false,
            "id": "allow-puma-default",
            "name": "allow-puma-default",
            "network": "https://www.googleapis.com/compute/v1/projects/docker-280917/global/networks/default",
            "priority": 1000,
            "project": "docker-280917",
            "self_link": "https://www.googleapis.com/compute/v1/projects/docker-280917/global/firewalls/allow-puma-default",
            "source_ranges": [
              "0.0.0.0/0"
            ],
            "source_service_accounts": null,
            "source_tags": null,
            "target_service_accounts": null,
            "target_tags": [
              "reddit-app"
            ],
            "timeouts": null
          },
          "private": "eyJlMmJmYjczMC1lY2FhLTExZTYtOGY4OC0zNDM2M2JjN2M0YzAiOnsiY3JlYXRlIjoyNDAwMDAwMDAwMDAsImRlbGV0ZSI6MjQwMDAwMDAwMDAwLCJ1cGRhdGUiOjI0MDAwMDAwMDAwMH0sInNjaGVtYV92ZXJzaW9uIjoiMSJ9"
        }
      ]
    },
    {
      "mode": "managed",
      "type": "google_compute_instance",
      "name": "app",
      "each": "list",
      "provider": "provider.google",
      "instances": [
        {
          "index_key": 0,
          "schema_version": 6,
          "attributes": {
            "allow_stopping_for_update": null,
            "attached_disk": [],
            "boot_disk": [
              {
                "auto_delete": true,
                "device_name": "persistent-disk-0",
                "disk_encryption_key_raw": "",
                "disk_encryption_key_sha256": "",
                "initialize_params": [
                  {
                    "image": "https://www.googleapis.com/compute/v1/projects/ubuntu-os-cloud/global/images/ubuntu-1604-xenial-v20200611",
                    "size": 10,
                    "type": "pd-standard"
                  }
                ],
                "source": "https://www.googleapis.com/compute/v1/projects/docker-280917/zones/europe-west1-b/disks/reddit-app-0"
              }
            ],
            "can_ip_forward": false,
            "cpu_platform": "Intel Haswell",
            "deletion_protection": false,
            "description": null,
            "disk": [],
            "guest_accelerator": [],
            "hostname": "",
            "id": "reddit-app-0",
            "instance_id": "303527608702919112",
            "label_fingerprint": "42WmSpB8rSM=",
            "labels": null,
            "machine_type": "n1-standard-1",
            "metadata": {
              "ssh-keys": "testuser:ssh-rsa AAAAB3NzaC1yc2EAAAADAQABAAABgQDJF8hGBOAJiMdfHz0UaaQ3FlakkQx9id6ue4jf3QONdATjZtNE8042lLbNuYiqspoCpoDsMq1yFc9fwiaM3J5GbTAI8pX9HmjSQfITURgTYLJT849PQgnRzDLD1XX8vUevECmSXtUNU9XyMcBotyTQf294Iq4F6yBAD0tsFaPedjIsHvTx8qTyqs3SIbwnpF35LbKRiwot/FVmBaECzhTTz0bXEiM6WttaXAcRdnNKeKWbNfotZOK63KnLkYk0KgU3u5sgLQCfcU3vgC+FYfztoqcHD64ZFOqru8XMY3NXEEzM4V58oODZ6VAk5GnEJlFK0GTRGPQyxTbppYwn42CKTPvz5DcWTRQBZgFn3ys0QzTxRZA3UUrTgri93Vpv/y7ZS7KfN0+U3cb1BPBms64yCPA5mcwWXyuQVknvI65Ge+ovbflx1sR/BcVWGoRhbz/QX7aRtDyXYNF8qAyq3Wqm7BJ70KbLnSx6O1MAoEFpvq9756nvCHv0JDBB48dbLas= testuser@alex-virtual-machine\n"
            },
            "metadata_fingerprint": "WOvuvZFZWdk=",
            "metadata_startup_script": "",
            "min_cpu_platform": "",
            "name": "reddit-app-0",
            "network_interface": [
              {
                "access_config": [
                  {
                    "assigned_nat_ip": "",
                    "nat_ip": "35.205.202.36",
                    "network_tier": "PREMIUM",
                    "public_ptr_domain_name": ""
                  }
                ],
                "address": "",
                "alias_ip_range": [],
                "name": "nic0",
                "network": "https://www.googleapis.com/compute/v1/projects/docker-280917/global/networks/default",
                "network_ip": "10.132.0.5",
                "subnetwork": "https://www.googleapis.com/compute/v1/projects/docker-280917/regions/europe-west1/subnetworks/default",
                "subnetwork_project": "docker-280917"
              }
            ],
            "project": "docker-280917",
            "scheduling": [
              {
                "automatic_restart": true,
                "on_host_maintenance": "MIGRATE",
                "preemptible": false
              }
            ],
            "scratch_disk": [],
            "self_link": "https://www.googleapis.com/compute/v1/projects/docker-280917/zones/europe-west1-b/instances/reddit-app-0",
            "service_account": [],
            "tags": [
              "allow-80",
              "reddit-app"
            ],
            "tags_fingerprint": "DFldT4iYP9o=",
            "timeouts": null,
            "zone": "europe-west1-b"
          },
          "private": "eyJlMmJmYjczMC1lY2FhLTExZTYtOGY4OC0zNDM2M2JjN2M0YzAiOnsiY3JlYXRlIjozNjAwMDAwMDAwMDAsImRlbGV0ZSI6MzYwMDAwMDAwMDAwLCJ1cGRhdGUiOjM2MDAwMDAwMDAwMH0sInNjaGVtYV92ZXJzaW9uIjoiNiJ9"
        },
        {
          "index_key": 1,
          "schema_version": 6,
          "attributes": {
            "allow_stopping_for_update": null,
            "attached_disk": [],
            "boot_disk": [
              {
                "auto_delete": true,
                "device_name": "persistent-disk-0",
                "disk_encryption_key_raw": "",
                "disk_encryption_key_sha256": "",
                "initialize_params": [
                  {
                    "image": "https://www.googleapis.com/compute/v1/projects/ubuntu-os-cloud/global/images/ubuntu-1604-xenial-v20200611",
                    "size": 10,
                    "type": "pd-standard"
                  }
                ],
                "source": "https://www.googleapis.com/compute/v1/projects/docker-280917/zones/europe-west1-b/disks/reddit-app-1"
              }
            ],
            "can_ip_forward": false,
            "cpu_platform": "Intel Haswell",
            "deletion_protection": false,
            "description": null,
            "disk": [],
            "guest_accelerator": [],
            "hostname": "",
            "id": "reddit-app-1",
            "instance_id": "4631004083396993480",
            "label_fingerprint": "42WmSpB8rSM=",
            "labels": null,
            "machine_type": "n1-standard-1",
            "metadata": {
              "ssh-keys": "testuser:ssh-rsa AAAAB3NzaC1yc2EAAAADAQABAAABgQDJF8hGBOAJiMdfHz0UaaQ3FlakkQx9id6ue4jf3QONdATjZtNE8042lLbNuYiqspoCpoDsMq1yFc9fwiaM3J5GbTAI8pX9HmjSQfITURgTYLJT849PQgnRzDLD1XX8vUevECmSXtUNU9XyMcBotyTQf294Iq4F6yBAD0tsFaPedjIsHvTx8qTyqs3SIbwnpF35LbKRiwot/FVmBaECzhTTz0bXEiM6WttaXAcRdnNKeKWbNfotZOK63KnLkYk0KgU3u5sgLQCfcU3vgC+FYfztoqcHD64ZFOqru8XMY3NXEEzM4V58oODZ6VAk5GnEJlFK0GTRGPQyxTbppYwn42CKTPvz5DcWTRQBZgFn3ys0QzTxRZA3UUrTgri93Vpv/y7ZS7KfN0+U3cb1BPBms64yCPA5mcwWXyuQVknvI65Ge+ovbflx1sR/BcVWGoRhbz/QX7aRtDyXYNF8qAyq3Wqm7BJ70KbLnSx6O1MAoEFpvq9756nvCHv0JDBB48dbLas= testuser@alex-virtual-machine\n"
            },
            "metadata_fingerprint": "WOvuvZFZWdk=",
            "metadata_startup_script": "",
            "min_cpu_platform": "",
            "name": "reddit-app-1",
            "network_interface": [
              {
                "access_config": [
                  {
                    "assigned_nat_ip": "",
                    "nat_ip": "34.78.92.140",
                    "network_tier": "PREMIUM",
                    "public_ptr_domain_name": ""
                  }
                ],
                "address": "",
                "alias_ip_range": [],
                "name": "nic0",
                "network": "https://www.googleapis.com/compute/v1/projects/docker-280917/global/networks/default",
                "network_ip": "10.132.0.7",
                "subnetwork": "https://www.googleapis.com/compute/v1/projects/docker-280917/regions/europe-west1/subnetworks/default",
                "subnetwork_project": "docker-280917"
              }
            ],
            "project": "docker-280917",
            "scheduling": [
              {
                "automatic_restart": true,
                "on_host_maintenance": "MIGRATE",
                "preemptible": false
              }
            ],
            "scratch_disk": [],
            "self_link": "https://www.googleapis.com/compute/v1/projects/docker-280917/zones/europe-west1-b/instances/reddit-app-1",
            "service_account": [],
            "tags": [
              "allow-80",
              "reddit-app"
            ],
            "tags_fingerprint": "DFldT4iYP9o=",
            "timeouts": null,
            "zone": "europe-west1-b"
          },
          "private": "eyJlMmJmYjczMC1lY2FhLTExZTYtOGY4OC0zNDM2M2JjN2M0YzAiOnsiY3JlYXRlIjozNjAwMDAwMDAwMDAsImRlbGV0ZSI6MzYwMDAwMDAwMDAwLCJ1cGRhdGUiOjM2MDAwMDAwMDAwMH0sInNjaGVtYV92ZXJzaW9uIjoiNiJ9"
        },
        {
          "index_key": 2,
          "schema_version": 6,
          "attributes": {
            "allow_stopping_for_update": null,
            "attached_disk": [],
            "boot_disk": [
              {
                "auto_delete": true,
                "device_name": "persistent-disk-0",
                "disk_encryption_key_raw": "",
                "disk_encryption_key_sha256": "",
                "initialize_params": [
                  {
                    "image": "https://www.googleapis.com/compute/v1/projects/ubuntu-os-cloud/global/images/ubuntu-1604-xenial-v20200611",
                    "size": 10,
                    "type": "pd-standard"
                  }
                ],
                "source": "https://www.googleapis.com/compute/v1/projects/docker-280917/zones/europe-west1-b/disks/reddit-app-2"
              }
            ],
            "can_ip_forward": false,
            "cpu_platform": "Intel Haswell",
            "deletion_protection": false,
            "description": null,
            "disk": [],
            "guest_accelerator": [],
            "hostname": "",
            "id": "reddit-app-2",
            "instance_id": "5748685467239506376",
            "label_fingerprint": "42WmSpB8rSM=",
            "labels": null,
            "machine_type": "n1-standard-1",
            "metadata": {
              "ssh-keys": "testuser:ssh-rsa AAAAB3NzaC1yc2EAAAADAQABAAABgQDJF8hGBOAJiMdfHz0UaaQ3FlakkQx9id6ue4jf3QONdATjZtNE8042lLbNuYiqspoCpoDsMq1yFc9fwiaM3J5GbTAI8pX9HmjSQfITURgTYLJT849PQgnRzDLD1XX8vUevECmSXtUNU9XyMcBotyTQf294Iq4F6yBAD0tsFaPedjIsHvTx8qTyqs3SIbwnpF35LbKRiwot/FVmBaECzhTTz0bXEiM6WttaXAcRdnNKeKWbNfotZOK63KnLkYk0KgU3u5sgLQCfcU3vgC+FYfztoqcHD64ZFOqru8XMY3NXEEzM4V58oODZ6VAk5GnEJlFK0GTRGPQyxTbppYwn42CKTPvz5DcWTRQBZgFn3ys0QzTxRZA3UUrTgri93Vpv/y7ZS7KfN0+U3cb1BPBms64yCPA5mcwWXyuQVknvI65Ge+ovbflx1sR/BcVWGoRhbz/QX7aRtDyXYNF8qAyq3Wqm7BJ70KbLnSx6O1MAoEFpvq9756nvCHv0JDBB48dbLas= testuser@alex-virtual-machine\n"
            },
            "metadata_fingerprint": "WOvuvZFZWdk=",
            "metadata_startup_script": "",
            "min_cpu_platform": "",
            "name": "reddit-app-2",
            "network_interface": [
              {
                "access_config": [
                  {
                    "assigned_nat_ip": "",
                    "nat_ip": "34.78.73.116",
                    "network_tier": "PREMIUM",
                    "public_ptr_domain_name": ""
                  }
                ],
                "address": "",
                "alias_ip_range": [],
                "name": "nic0",
                "network": "https://www.googleapis.com/compute/v1/projects/docker-280917/global/networks/default",
                "network_ip": "10.132.0.6",
                "subnetwork": "https://www.googleapis.com/compute/v1/projects/docker-280917/regions/europe-west1/subnetworks/default",
                "subnetwork_project": "docker-280917"
              }
            ],
            "project": "docker-280917",
            "scheduling": [
              {
                "automatic_restart": true,
                "on_host_maintenance": "MIGRATE",
                "preemptible": false
              }
            ],
            "scratch_disk": [],
            "self_link": "https://www.googleapis.com/compute/v1/projects/docker-280917/zones/europe-west1-b/instances/reddit-app-2",
            "service_account": [],
            "tags": [
              "allow-80",
              "reddit-app"
            ],
            "tags_fingerprint": "DFldT4iYP9o=",
            "timeouts": null,
            "zone": "europe-west1-b"
          },
          "private": "eyJlMmJmYjczMC1lY2FhLTExZTYtOGY4OC0zNDM2M2JjN2M0YzAiOnsiY3JlYXRlIjozNjAwMDAwMDAwMDAsImRlbGV0ZSI6MzYwMDAwMDAwMDAwLCJ1cGRhdGUiOjM2MDAwMDAwMDAwMH0sInNjaGVtYV92ZXJzaW9uIjoiNiJ9"
        }
      ]
    }
  ]
}
